
Microsoft Visual Studio Solution File, Format Version 12.00
# Visual Studio Version 17
VisualStudioVersion = 17.11.35303.130
MinimumVisualStudioVersion = 10.0.40219.1
Project("{FAE04EC0-301F-11D3-BF4B-00C04F79EFBC}") = "BloonsServer", "BloonsServer\BloonsServer.csproj", "{7FE624FA-A355-4A81-BCCB-9E922962FF66}"
EndProject
Global
	GlobalSection(SolutionConfigurationPlatforms) = preSolution
		Debug|Any CPU = Debug|Any CPU
		Release|Any CPU = Release|Any CPU
	EndGlobalSection
	GlobalSection(ProjectConfigurationPlatforms) = postSolution
		{7FE624FA-A355-4A81-BCCB-9E922962FF66}.Debug|Any CPU.ActiveCfg = Debug|Any CPU
		{7FE624FA-A355-4A81-BCCB-9E922962FF66}.Debug|Any CPU.Build.0 = Debug|Any CPU
		{7FE624FA-A355-4A81-BCCB-9E922962FF66}.Release|Any CPU.ActiveCfg = Release|Any CPU
		{7FE624FA-A355-4A81-BCCB-9E922962FF66}.Release|Any CPU.Build.0 = Release|Any CPU
	EndGlobalSection
	GlobalSection(SolutionProperties) = preSolution
		HideSolutionNode = FALSE
	EndGlobalSection
	GlobalSection(ExtensibilityGlobals) = postSolution
		SolutionGuid = {50F18617-0E5F-479B-B583-C38F9EA1E054}
	EndGlobalSection
EndGlobal
