
Microsoft Visual Studio Solution File, Format Version 12.00
# Visual Studio Version 16
VisualStudioVersion = 16.0.31702.278
MinimumVisualStudioVersion = 10.0.40219.1
Project("{9A19103F-16F7-4668-BE54-9A1E7A4F7556}") = "BloonsGame", "BloonsGame.csproj", "{45F89BB7-F65F-496B-BAE5-5E217EF88A84}"
EndProject
Project("{9A19103F-16F7-4668-BE54-9A1E7A4F7556}") = "BloonLibrary", "..\BloonsLibrary\BloonLibrary.csproj", "{9697EC02-A366-47F2-9F65-F9B503D9CFC8}"
EndProject
Project("{9A19103F-16F7-4668-BE54-9A1E7A4F7556}") = "BloonsTest", "..\BloonsTest\BloonsTest.csproj", "{F11B4ABB-9AAA-4420-88E5-4E60C0ABC899}"
EndProject
Project("{9A19103F-16F7-4668-BE54-9A1E7A4F7556}") = "BloonsCreator", "..\BloonsCreator\BloonsCreator.csproj", "{8D9B0600-B22A-4EB6-8D28-630C80A7AD47}"
EndProject
Project("{FAE04EC0-301F-11D3-BF4B-00C04F79EFBC}") = "BloonsCreatorApp", "..\BloonsCreatorApp\BloonsCreatorApp.csproj", "{37647D1F-067A-43F2-B4FD-AB6C941E4E41}"
EndProject
Global
	GlobalSection(SolutionConfigurationPlatforms) = preSolution
		Debug|Any CPU = Debug|Any CPU
		Release|Any CPU = Release|Any CPU
	EndGlobalSection
	GlobalSection(ProjectConfigurationPlatforms) = postSolution
		{45F89BB7-F65F-496B-BAE5-5E217EF88A84}.Debug|Any CPU.ActiveCfg = Debug|Any CPU
		{45F89BB7-F65F-496B-BAE5-5E217EF88A84}.Debug|Any CPU.Build.0 = Debug|Any CPU
		{45F89BB7-F65F-496B-BAE5-5E217EF88A84}.Release|Any CPU.ActiveCfg = Release|Any CPU
		{45F89BB7-F65F-496B-BAE5-5E217EF88A84}.Release|Any CPU.Build.0 = Release|Any CPU
		{9697EC02-A366-47F2-9F65-F9B503D9CFC8}.Debug|Any CPU.ActiveCfg = Debug|Any CPU
		{9697EC02-A366-47F2-9F65-F9B503D9CFC8}.Debug|Any CPU.Build.0 = Debug|Any CPU
		{9697EC02-A366-47F2-9F65-F9B503D9CFC8}.Release|Any CPU.ActiveCfg = Release|Any CPU
		{9697EC02-A366-47F2-9F65-F9B503D9CFC8}.Release|Any CPU.Build.0 = Release|Any CPU
		{F11B4ABB-9AAA-4420-88E5-4E60C0ABC899}.Debug|Any CPU.ActiveCfg = Debug|Any CPU
		{F11B4ABB-9AAA-4420-88E5-4E60C0ABC899}.Debug|Any CPU.Build.0 = Debug|Any CPU
		{F11B4ABB-9AAA-4420-88E5-4E60C0ABC899}.Release|Any CPU.ActiveCfg = Release|Any CPU
		{F11B4ABB-9AAA-4420-88E5-4E60C0ABC899}.Release|Any CPU.Build.0 = Release|Any CPU
		{8D9B0600-B22A-4EB6-8D28-630C80A7AD47}.Debug|Any CPU.ActiveCfg = Debug|Any CPU
		{8D9B0600-B22A-4EB6-8D28-630C80A7AD47}.Debug|Any CPU.Build.0 = Debug|Any CPU
		{8D9B0600-B22A-4EB6-8D28-630C80A7AD47}.Release|Any CPU.ActiveCfg = Release|Any CPU
		{8D9B0600-B22A-4EB6-8D28-630C80A7AD47}.Release|Any CPU.Build.0 = Release|Any CPU
		{37647D1F-067A-43F2-B4FD-AB6C941E4E41}.Debug|Any CPU.ActiveCfg = Debug|Any CPU
		{37647D1F-067A-43F2-B4FD-AB6C941E4E41}.Debug|Any CPU.Build.0 = Debug|Any CPU
		{37647D1F-067A-43F2-B4FD-AB6C941E4E41}.Release|Any CPU.ActiveCfg = Release|Any CPU
		{37647D1F-067A-43F2-B4FD-AB6C941E4E41}.Release|Any CPU.Build.0 = Release|Any CPU
	EndGlobalSection
	GlobalSection(SolutionProperties) = preSolution
		HideSolutionNode = FALSE
	EndGlobalSection
	GlobalSection(ExtensibilityGlobals) = postSolution
		SolutionGuid = {70146033-CE09-4EE4-BE19-BABA376FD348}
	EndGlobalSection
EndGlobal
